<?xml version="1.0" encoding="utf-8"?>
<Project ToolsVersion="4.0" xmlns="http://schemas.microsoft.com/developer/msbuild/2003">
  <ItemGroup>
    <Filter Include="Source Files">
      <UniqueIdentifier>{4FC737F1-C7A5-4376-A066-2A32D752A2FF}</UniqueIdentifier>
      <Extensions>cpp;c;cc;cxx;def;odl;idl;hpj;bat;asm;asmx</Extensions>
    </Filter>
    <Filter Include="Header Files">
      <UniqueIdentifier>{93995380-89BD-4b04-88EB-625FBE52EBFB}</UniqueIdentifier>
      <Extensions>h;hh;hpp;hxx;hm;inl;inc;xsd</Extensions>
    </Filter>
    <Filter Include="Resource Files">
      <UniqueIdentifier>{67DA6AB6-F800-4c08-8B7A-83BB121AAD01}</UniqueIdentifier>
      <Extensions>rc;ico;cur;bmp;dlg;rc2;rct;bin;rgs;gif;jpg;jpeg;jpe;resx;tiff;tif;png;wav</Extensions>
    </Filter>
  </ItemGroup>
  <ItemGroup>
    <ClCompile Include="struct2json-master\cjson\cJSON.c">
      <Filter>Source Files</Filter>
    </ClCompile>
    <ClCompile Include="struct2json-master\cjson\cJSON_Utils.c">
      <Filter>Source Files</Filter>
    </ClCompile>
    <ClCompile Include="struct2json-master\demo\main.c">
      <Filter>Source Files</Filter>
    </ClCompile>
    <ClCompile Include="struct2json-master\demo\my_struct_2_json.c">
      <Filter>Source Files</Filter>
    </ClCompile>
    <ClCompile Include="struct2json-master\struct2json\src\s2j.c">
      <Filter>Source Files</Filter>
    </ClCompile>
  </ItemGroup>
  <ItemGroup>
    <ClInclude Include="struct2json-master\cjson\cJSON.h">
      <Filter>Header Files</Filter>
    </ClInclude>
    <ClInclude Include="struct2json-master\cjson\cJSON_Utils.h">
      <Filter>Header Files</Filter>
    </ClInclude>
    <ClInclude Include="struct2json-master\demo\my_struct_2_json.h">
      <Filter>Header Files</Filter>
    </ClInclude>
    <ClInclude Include="struct2json-master\demo\inc\mc_usr_def.h">
      <Filter>Header Files</Filter>
    </ClInclude>
    <ClInclude Include="struct2json-master\struct2json\inc\s2j.h">
      <Filter>Header Files</Filter>
    </ClInclude>
    <ClInclude Include="struct2json-master\struct2json\inc\s2jdef.h">
      <Filter>Header Files</Filter>
    </ClInclude>
  </ItemGroup>
  <ItemGroup>
    <None Include="struct2json-master\demo\my_struct_2_json.inc">
      <Filter>Header Files</Filter>
    </None>
  </ItemGroup>
</Project>